
Microsoft Visual Studio Solution File, Format Version 12.00
# Visual Studio Version 16
VisualStudioVersion = 16.0.32228.343
MinimumVisualStudioVersion = 10.0.40219.1
Project("{FAE04EC0-301F-11D3-BF4B-00C04F79EFBC}") = "PointOfSale", "PointOfSale\PointOfSale.csproj", "{739A2018-110E-4697-8975-A52B78821DEB}"
EndProject
Global
	GlobalSection(SolutionConfigurationPlatforms) = preSolution
		Debug|Any CPU = Debug|Any CPU
		Release|Any CPU = Release|Any CPU
	EndGlobalSection
	GlobalSection(ProjectConfigurationPlatforms) = postSolution
		{739A2018-110E-4697-8975-A52B78821DEB}.Debug|Any CPU.ActiveCfg = Debug|Any CPU
		{739A2018-110E-4697-8975-A52B78821DEB}.Debug|Any CPU.Build.0 = Debug|Any CPU
		{739A2018-110E-4697-8975-A52B78821DEB}.Release|Any CPU.ActiveCfg = Release|Any CPU
		{739A2018-110E-4697-8975-A52B78821DEB}.Release|Any CPU.Build.0 = Release|Any CPU
	EndGlobalSection
	GlobalSection(SolutionProperties) = preSolution
		HideSolutionNode = FALSE
	EndGlobalSection
	GlobalSection(ExtensibilityGlobals) = postSolution
		SolutionGuid = {0D758246-64B4-413F-B6D3-58FDE607FB74}
	EndGlobalSection
EndGlobal
